// !$*UTF8*$!
{
	archiveVersion = 1;
	classes = {
	};
	objectVersion = 48;
	objects = {

/* Begin PBXBuildFile section */
		544465D1203937F60044424B /* SFFilmLocation.swift in Sources */ = {isa = PBXBuildFile; fileRef = 544465D0203937F60044424B /* SFFilmLocation.swift */; };
		544465D4203947710044424B /* SFFilmLocationCell.swift in Sources */ = {isa = PBXBuildFile; fileRef = 544465D2203947710044424B /* SFFilmLocationCell.swift */; };
		544465D5203947710044424B /* SFFilmLocationCell.xib in Resources */ = {isa = PBXBuildFile; fileRef = 544465D3203947710044424B /* SFFilmLocationCell.xib */; };
		544465D7203955070044424B /* SFFilmLocationDetailViewController.swift in Sources */ = {isa = PBXBuildFile; fileRef = 544465D6203955070044424B /* SFFilmLocationDetailViewController.swift */; };
		544465D9203957CF0044424B /* SFPageViewController.swift in Sources */ = {isa = PBXBuildFile; fileRef = 544465D8203957CF0044424B /* SFPageViewController.swift */; };
		544B3F43203BCA1D00AF8EC8 /* SFDataController.swift in Sources */ = {isa = PBXBuildFile; fileRef = 544B3F42203BCA1D00AF8EC8 /* SFDataController.swift */; };
		544CEB1020393119005A6E2D /* AppDelegate.swift in Sources */ = {isa = PBXBuildFile; fileRef = 544CEB0F20393119005A6E2D /* AppDelegate.swift */; };
		544CEB1220393119005A6E2D /* SFFilmLocationsViewController.swift in Sources */ = {isa = PBXBuildFile; fileRef = 544CEB1120393119005A6E2D /* SFFilmLocationsViewController.swift */; };
		544CEB1520393119005A6E2D /* Main.storyboard in Resources */ = {isa = PBXBuildFile; fileRef = 544CEB1320393119005A6E2D /* Main.storyboard */; };
		544CEB1820393119005A6E2D /* FilmedInSF.xcdatamodeld in Sources */ = {isa = PBXBuildFile; fileRef = 544CEB1620393119005A6E2D /* FilmedInSF.xcdatamodeld */; };
		544CEB1A20393119005A6E2D /* Assets.xcassets in Resources */ = {isa = PBXBuildFile; fileRef = 544CEB1920393119005A6E2D /* Assets.xcassets */; };
		544CEB1D20393119005A6E2D /* LaunchScreen.storyboard in Resources */ = {isa = PBXBuildFile; fileRef = 544CEB1B20393119005A6E2D /* LaunchScreen.storyboard */; };
		544CEB2820393119005A6E2D /* FilmedInSFTests.swift in Sources */ = {isa = PBXBuildFile; fileRef = 544CEB2720393119005A6E2D /* FilmedInSFTests.swift */; };
		544CEB3320393119005A6E2D /* FilmedInSFUITests.swift in Sources */ = {isa = PBXBuildFile; fileRef = 544CEB3220393119005A6E2D /* FilmedInSFUITests.swift */; };
		544CEB472039321E005A6E2D /* SFAPIClient.swift in Sources */ = {isa = PBXBuildFile; fileRef = 544CEB462039321E005A6E2D /* SFAPIClient.swift */; };
/* End PBXBuildFile section */

/* Begin PBXContainerItemProxy section */
		544CEB2420393119005A6E2D /* PBXContainerItemProxy */ = {
			isa = PBXContainerItemProxy;
			containerPortal = 544CEB0420393118005A6E2D /* Project object */;
			proxyType = 1;
			remoteGlobalIDString = 544CEB0B20393119005A6E2D;
			remoteInfo = FilmedInSF;
		};
		544CEB2F20393119005A6E2D /* PBXContainerItemProxy */ = {
			isa = PBXContainerItemProxy;
			containerPortal = 544CEB0420393118005A6E2D /* Project object */;
			proxyType = 1;
			remoteGlobalIDString = 544CEB0B20393119005A6E2D;
			remoteInfo = FilmedInSF;
		};
/* End PBXContainerItemProxy section */

/* Begin PBXFileReference section */
		544465D0203937F60044424B /* SFFilmLocation.swift */ = {isa = PBXFileReference; lastKnownFileType = sourcecode.swift; path = SFFilmLocation.swift; sourceTree = "<group>"; };
		544465D2203947710044424B /* SFFilmLocationCell.swift */ = {isa = PBXFileReference; lastKnownFileType = sourcecode.swift; path = SFFilmLocationCell.swift; sourceTree = "<group>"; };
		544465D3203947710044424B /* SFFilmLocationCell.xib */ = {isa = PBXFileReference; lastKnownFileType = file.xib; path = SFFilmLocationCell.xib; sourceTree = "<group>"; };
		544465D6203955070044424B /* SFFilmLocationDetailViewController.swift */ = {isa = PBXFileReference; lastKnownFileType = sourcecode.swift; path = SFFilmLocationDetailViewController.swift; sourceTree = "<group>"; };
		544465D8203957CF0044424B /* SFPageViewController.swift */ = {isa = PBXFileReference; lastKnownFileType = sourcecode.swift; path = SFPageViewController.swift; sourceTree = "<group>"; };
		544B3F42203BCA1D00AF8EC8 /* SFDataController.swift */ = {isa = PBXFileReference; lastKnownFileType = sourcecode.swift; path = SFDataController.swift; sourceTree = "<group>"; };
		544CEB0C20393119005A6E2D /* FilmedInSF.app */ = {isa = PBXFileReference; explicitFileType = wrapper.application; includeInIndex = 0; path = FilmedInSF.app; sourceTree = BUILT_PRODUCTS_DIR; };
		544CEB0F20393119005A6E2D /* AppDelegate.swift */ = {isa = PBXFileReference; lastKnownFileType = sourcecode.swift; path = AppDelegate.swift; sourceTree = "<group>"; };
		544CEB1120393119005A6E2D /* SFFilmLocationsViewController.swift */ = {isa = PBXFileReference; lastKnownFileType = sourcecode.swift; path = SFFilmLocationsViewController.swift; sourceTree = "<group>"; };
		544CEB1420393119005A6E2D /* Base */ = {isa = PBXFileReference; lastKnownFileType = file.storyboard; name = Base; path = Base.lproj/Main.storyboard; sourceTree = "<group>"; };
		544CEB1720393119005A6E2D /* FilmedInSF.xcdatamodel */ = {isa = PBXFileReference; lastKnownFileType = wrapper.xcdatamodel; path = FilmedInSF.xcdatamodel; sourceTree = "<group>"; };
		544CEB1920393119005A6E2D /* Assets.xcassets */ = {isa = PBXFileReference; lastKnownFileType = folder.assetcatalog; path = Assets.xcassets; sourceTree = "<group>"; };
		544CEB1C20393119005A6E2D /* Base */ = {isa = PBXFileReference; lastKnownFileType = file.storyboard; name = Base; path = Base.lproj/LaunchScreen.storyboard; sourceTree = "<group>"; };
		544CEB1E20393119005A6E2D /* Info.plist */ = {isa = PBXFileReference; lastKnownFileType = text.plist.xml; path = Info.plist; sourceTree = "<group>"; };
		544CEB2320393119005A6E2D /* FilmedInSFTests.xctest */ = {isa = PBXFileReference; explicitFileType = wrapper.cfbundle; includeInIndex = 0; path = FilmedInSFTests.xctest; sourceTree = BUILT_PRODUCTS_DIR; };
		544CEB2720393119005A6E2D /* FilmedInSFTests.swift */ = {isa = PBXFileReference; lastKnownFileType = sourcecode.swift; path = FilmedInSFTests.swift; sourceTree = "<group>"; };
		544CEB2920393119005A6E2D /* Info.plist */ = {isa = PBXFileReference; lastKnownFileType = text.plist.xml; path = Info.plist; sourceTree = "<group>"; };
		544CEB2E20393119005A6E2D /* FilmedInSFUITests.xctest */ = {isa = PBXFileReference; explicitFileType = wrapper.cfbundle; includeInIndex = 0; path = FilmedInSFUITests.xctest; sourceTree = BUILT_PRODUCTS_DIR; };
		544CEB3220393119005A6E2D /* FilmedInSFUITests.swift */ = {isa = PBXFileReference; lastKnownFileType = sourcecode.swift; path = FilmedInSFUITests.swift; sourceTree = "<group>"; };
		544CEB3420393119005A6E2D /* Info.plist */ = {isa = PBXFileReference; lastKnownFileType = text.plist.xml; path = Info.plist; sourceTree = "<group>"; };
		544CEB462039321E005A6E2D /* SFAPIClient.swift */ = {isa = PBXFileReference; fileEncoding = 4; lastKnownFileType = sourcecode.swift; path = SFAPIClient.swift; sourceTree = "<group>"; };
/* End PBXFileReference section */

/* Begin PBXFrameworksBuildPhase section */
		544CEB0920393119005A6E2D /* Frameworks */ = {
			isa = PBXFrameworksBuildPhase;
			buildActionMask = 2147483647;
			files = (
			);
			runOnlyForDeploymentPostprocessing = 0;
		};
		544CEB2020393119005A6E2D /* Frameworks */ = {
			isa = PBXFrameworksBuildPhase;
			buildActionMask = 2147483647;
			files = (
			);
			runOnlyForDeploymentPostprocessing = 0;
		};
		544CEB2B20393119005A6E2D /* Frameworks */ = {
			isa = PBXFrameworksBuildPhase;
			buildActionMask = 2147483647;
			files = (
			);
			runOnlyForDeploymentPostprocessing = 0;
		};
/* End PBXFrameworksBuildPhase section */

/* Begin PBXGroup section */
		544B3F41203BC9D100AF8EC8 /* Data */ = {
			isa = PBXGroup;
			children = (
				544B3F42203BCA1D00AF8EC8 /* SFDataController.swift */,
			);
			path = Data;
			sourceTree = "<group>";
		};
		544CEB0320393118005A6E2D = {
			isa = PBXGroup;
			children = (
				544CEB0E20393119005A6E2D /* FilmedInSF */,
				544CEB2620393119005A6E2D /* FilmedInSFTests */,
				544CEB3120393119005A6E2D /* FilmedInSFUITests */,
				544CEB0D20393119005A6E2D /* Products */,
			);
			sourceTree = "<group>";
		};
		544CEB0D20393119005A6E2D /* Products */ = {
			isa = PBXGroup;
			children = (
				544CEB0C20393119005A6E2D /* FilmedInSF.app */,
				544CEB2320393119005A6E2D /* FilmedInSFTests.xctest */,
				544CEB2E20393119005A6E2D /* FilmedInSFUITests.xctest */,
			);
			name = Products;
			sourceTree = "<group>";
		};
		544CEB0E20393119005A6E2D /* FilmedInSF */ = {
			isa = PBXGroup;
			children = (
				544B3F41203BC9D100AF8EC8 /* Data */,
				544CEB4520393208005A6E2D /* Networking */,
				544CEB4420393195005A6E2D /* Controller */,
				544CEB432039318C005A6E2D /* View */,
				544CEB4020393170005A6E2D /* Model */,
				544CEB0F20393119005A6E2D /* AppDelegate.swift */,
				544CEB1320393119005A6E2D /* Main.storyboard */,
				544CEB1920393119005A6E2D /* Assets.xcassets */,
				544CEB1B20393119005A6E2D /* LaunchScreen.storyboard */,
				544CEB1E20393119005A6E2D /* Info.plist */,
				544CEB1620393119005A6E2D /* FilmedInSF.xcdatamodeld */,
			);
			path = FilmedInSF;
			sourceTree = "<group>";
		};
		544CEB2620393119005A6E2D /* FilmedInSFTests */ = {
			isa = PBXGroup;
			children = (
				544CEB2720393119005A6E2D /* FilmedInSFTests.swift */,
				544CEB2920393119005A6E2D /* Info.plist */,
			);
			path = FilmedInSFTests;
			sourceTree = "<group>";
		};
		544CEB3120393119005A6E2D /* FilmedInSFUITests */ = {
			isa = PBXGroup;
			children = (
				544CEB3220393119005A6E2D /* FilmedInSFUITests.swift */,
				544CEB3420393119005A6E2D /* Info.plist */,
			);
			path = FilmedInSFUITests;
			sourceTree = "<group>";
		};
		544CEB4020393170005A6E2D /* Model */ = {
			isa = PBXGroup;
			children = (
				544465D0203937F60044424B /* SFFilmLocation.swift */,
			);
			path = Model;
			sourceTree = "<group>";
		};
		544CEB432039318C005A6E2D /* View */ = {
			isa = PBXGroup;
			children = (
				544465D2203947710044424B /* SFFilmLocationCell.swift */,
				544465D3203947710044424B /* SFFilmLocationCell.xib */,
			);
			path = View;
			sourceTree = "<group>";
		};
		544CEB4420393195005A6E2D /* Controller */ = {
			isa = PBXGroup;
			children = (
				544CEB1120393119005A6E2D /* SFFilmLocationsViewController.swift */,
				544465D6203955070044424B /* SFFilmLocationDetailViewController.swift */,
				544465D8203957CF0044424B /* SFPageViewController.swift */,
			);
			path = Controller;
			sourceTree = "<group>";
		};
		544CEB4520393208005A6E2D /* Networking */ = {
			isa = PBXGroup;
			children = (
				544CEB462039321E005A6E2D /* SFAPIClient.swift */,
			);
			path = Networking;
			sourceTree = "<group>";
		};
/* End PBXGroup section */

/* Begin PBXNativeTarget section */
		544CEB0B20393119005A6E2D /* FilmedInSF */ = {
			isa = PBXNativeTarget;
			buildConfigurationList = 544CEB3720393119005A6E2D /* Build configuration list for PBXNativeTarget "FilmedInSF" */;
			buildPhases = (
				544CEB0820393119005A6E2D /* Sources */,
				544CEB0920393119005A6E2D /* Frameworks */,
				544CEB0A20393119005A6E2D /* Resources */,
			);
			buildRules = (
			);
			dependencies = (
			);
			name = FilmedInSF;
			productName = FilmedInSF;
			productReference = 544CEB0C20393119005A6E2D /* FilmedInSF.app */;
			productType = "com.apple.product-type.application";
		};
		544CEB2220393119005A6E2D /* FilmedInSFTests */ = {
			isa = PBXNativeTarget;
			buildConfigurationList = 544CEB3A20393119005A6E2D /* Build configuration list for PBXNativeTarget "FilmedInSFTests" */;
			buildPhases = (
				544CEB1F20393119005A6E2D /* Sources */,
				544CEB2020393119005A6E2D /* Frameworks */,
				544CEB2120393119005A6E2D /* Resources */,
			);
			buildRules = (
			);
			dependencies = (
				544CEB2520393119005A6E2D /* PBXTargetDependency */,
			);
			name = FilmedInSFTests;
			productName = FilmedInSFTests;
			productReference = 544CEB2320393119005A6E2D /* FilmedInSFTests.xctest */;
			productType = "com.apple.product-type.bundle.unit-test";
		};
		544CEB2D20393119005A6E2D /* FilmedInSFUITests */ = {
			isa = PBXNativeTarget;
			buildConfigurationList = 544CEB3D20393119005A6E2D /* Build configuration list for PBXNativeTarget "FilmedInSFUITests" */;
			buildPhases = (
				544CEB2A20393119005A6E2D /* Sources */,
				544CEB2B20393119005A6E2D /* Frameworks */,
				544CEB2C20393119005A6E2D /* Resources */,
			);
			buildRules = (
			);
			dependencies = (
				544CEB3020393119005A6E2D /* PBXTargetDependency */,
			);
			name = FilmedInSFUITests;
			productName = FilmedInSFUITests;
			productReference = 544CEB2E20393119005A6E2D /* FilmedInSFUITests.xctest */;
			productType = "com.apple.product-type.bundle.ui-testing";
		};
/* End PBXNativeTarget section */

/* Begin PBXProject section */
		544CEB0420393118005A6E2D /* Project object */ = {
			isa = PBXProject;
			attributes = {
				LastSwiftUpdateCheck = 0920;
				LastUpgradeCheck = 0920;
				ORGANIZATIONNAME = "Muluken Gebremariam";
				TargetAttributes = {
					544CEB0B20393119005A6E2D = {
						CreatedOnToolsVersion = 9.2;
						ProvisioningStyle = Automatic;
					};
					544CEB2220393119005A6E2D = {
						CreatedOnToolsVersion = 9.2;
						ProvisioningStyle = Automatic;
						TestTargetID = 544CEB0B20393119005A6E2D;
					};
					544CEB2D20393119005A6E2D = {
						CreatedOnToolsVersion = 9.2;
						ProvisioningStyle = Automatic;
						TestTargetID = 544CEB0B20393119005A6E2D;
					};
				};
			};
			buildConfigurationList = 544CEB0720393118005A6E2D /* Build configuration list for PBXProject "FilmedInSF" */;
			compatibilityVersion = "Xcode 8.0";
			developmentRegion = en;
			hasScannedForEncodings = 0;
			knownRegions = (
				en,
				Base,
			);
			mainGroup = 544CEB0320393118005A6E2D;
			productRefGroup = 544CEB0D20393119005A6E2D /* Products */;
			projectDirPath = "";
			projectRoot = "";
			targets = (
				544CEB0B20393119005A6E2D /* FilmedInSF */,
				544CEB2220393119005A6E2D /* FilmedInSFTests */,
				544CEB2D20393119005A6E2D /* FilmedInSFUITests */,
			);
		};
/* End PBXProject section */

/* Begin PBXResourcesBuildPhase section */
		544CEB0A20393119005A6E2D /* Resources */ = {
			isa = PBXResourcesBuildPhase;
			buildActionMask = 2147483647;
			files = (
				544CEB1D20393119005A6E2D /* LaunchScreen.storyboard in Resources */,
				544465D5203947710044424B /* SFFilmLocationCell.xib in Resources */,
				544CEB1A20393119005A6E2D /* Assets.xcassets in Resources */,
				544CEB1520393119005A6E2D /* Main.storyboard in Resources */,
			);
			runOnlyForDeploymentPostprocessing = 0;
		};
		544CEB2120393119005A6E2D /* Resources */ = {
			isa = PBXResourcesBuildPhase;
			buildActionMask = 2147483647;
			files = (
			);
			runOnlyForDeploymentPostprocessing = 0;
		};
		544CEB2C20393119005A6E2D /* Resources */ = {
			isa = PBXResourcesBuildPhase;
			buildActionMask = 2147483647;
			files = (
			);
			runOnlyForDeploymentPostprocessing = 0;
		};
/* End PBXResourcesBuildPhase section */

/* Begin PBXSourcesBuildPhase section */
		544CEB0820393119005A6E2D /* Sources */ = {
			isa = PBXSourcesBuildPhase;
			buildActionMask = 2147483647;
			files = (
				544CEB1220393119005A6E2D /* SFFilmLocationsViewController.swift in Sources */,
				544B3F43203BCA1D00AF8EC8 /* SFDataController.swift in Sources */,
				544465D7203955070044424B /* SFFilmLocationDetailViewController.swift in Sources */,
				544465D9203957CF0044424B /* SFPageViewController.swift in Sources */,
				544CEB1820393119005A6E2D /* FilmedInSF.xcdatamodeld in Sources */,
				544CEB1020393119005A6E2D /* AppDelegate.swift in Sources */,
				544465D4203947710044424B /* SFFilmLocationCell.swift in Sources */,
				544CEB472039321E005A6E2D /* SFAPIClient.swift in Sources */,
				544465D1203937F60044424B /* SFFilmLocation.swift in Sources */,
			);
			runOnlyForDeploymentPostprocessing = 0;
		};
		544CEB1F20393119005A6E2D /* Sources */ = {
			isa = PBXSourcesBuildPhase;
			buildActionMask = 2147483647;
			files = (
				544CEB2820393119005A6E2D /* FilmedInSFTests.swift in Sources */,
			);
			runOnlyForDeploymentPostprocessing = 0;
		};
		544CEB2A20393119005A6E2D /* Sources */ = {
			isa = PBXSourcesBuildPhase;
			buildActionMask = 2147483647;
			files = (
				544CEB3320393119005A6E2D /* FilmedInSFUITests.swift in Sources */,
			);
			runOnlyForDeploymentPostprocessing = 0;
		};
/* End PBXSourcesBuildPhase section */

/* Begin PBXTargetDependency section */
		544CEB2520393119005A6E2D /* PBXTargetDependency */ = {
			isa = PBXTargetDependency;
			target = 544CEB0B20393119005A6E2D /* FilmedInSF */;
			targetProxy = 544CEB2420393119005A6E2D /* PBXContainerItemProxy */;
		};
		544CEB3020393119005A6E2D /* PBXTargetDependency */ = {
			isa = PBXTargetDependency;
			target = 544CEB0B20393119005A6E2D /* FilmedInSF */;
			targetProxy = 544CEB2F20393119005A6E2D /* PBXContainerItemProxy */;
		};
/* End PBXTargetDependency section */

/* Begin PBXVariantGroup section */
		544CEB1320393119005A6E2D /* Main.storyboard */ = {
			isa = PBXVariantGroup;
			children = (
				544CEB1420393119005A6E2D /* Base */,
			);
			name = Main.storyboard;
			sourceTree = "<group>";
		};
		544CEB1B20393119005A6E2D /* LaunchScreen.storyboard */ = {
			isa = PBXVariantGroup;
			children = (
				544CEB1C20393119005A6E2D /* Base */,
			);
			name = LaunchScreen.storyboard;
			sourceTree = "<group>";
		};
/* End PBXVariantGroup section */

/* Begin XCBuildConfiguration section */
		544CEB3520393119005A6E2D /* Debug */ = {
			isa = XCBuildConfiguration;
			buildSettings = {
				ALWAYS_SEARCH_USER_PATHS = NO;
				CLANG_ANALYZER_NONNULL = YES;
				CLANG_ANALYZER_NUMBER_OBJECT_CONVERSION = YES_AGGRESSIVE;
				CLANG_CXX_LANGUAGE_STANDARD = "gnu++14";
				CLANG_CXX_LIBRARY = "libc++";
				CLANG_ENABLE_MODULES = YES;
				CLANG_ENABLE_OBJC_ARC = YES;
				CLANG_WARN_BLOCK_CAPTURE_AUTORELEASING = YES;
				CLANG_WARN_BOOL_CONVERSION = YES;
				CLANG_WARN_COMMA = YES;
				CLANG_WARN_CONSTANT_CONVERSION = YES;
				CLANG_WARN_DIRECT_OBJC_ISA_USAGE = YES_ERROR;
				CLANG_WARN_DOCUMENTATION_COMMENTS = YES;
				CLANG_WARN_EMPTY_BODY = YES;
				CLANG_WARN_ENUM_CONVERSION = YES;
				CLANG_WARN_INFINITE_RECURSION = YES;
				CLANG_WARN_INT_CONVERSION = YES;
				CLANG_WARN_NON_LITERAL_NULL_CONVERSION = YES;
				CLANG_WARN_OBJC_LITERAL_CONVERSION = YES;
				CLANG_WARN_OBJC_ROOT_CLASS = YES_ERROR;
				CLANG_WARN_RANGE_LOOP_ANALYSIS = YES;
				CLANG_WARN_STRICT_PROTOTYPES = YES;
				CLANG_WARN_SUSPICIOUS_MOVE = YES;
				CLANG_WARN_UNGUARDED_AVAILABILITY = YES_AGGRESSIVE;
				CLANG_WARN_UNREACHABLE_CODE = YES;
				CLANG_WARN__DUPLICATE_METHOD_MATCH = YES;
				CODE_SIGN_IDENTITY = "iPhone Developer";
				COPY_PHASE_STRIP = NO;
				DEBUG_INFORMATION_FORMAT = dwarf;
				ENABLE_STRICT_OBJC_MSGSEND = YES;
				ENABLE_TESTABILITY = YES;
				GCC_C_LANGUAGE_STANDARD = gnu11;
				GCC_DYNAMIC_NO_PIC = NO;
				GCC_NO_COMMON_BLOCKS = YES;
				GCC_OPTIMIZATION_LEVEL = 0;
				GCC_PREPROCESSOR_DEFINITIONS = (
					"DEBUG=1",
					"$(inherited)",
				);
				GCC_WARN_64_TO_32_BIT_CONVERSION = YES;
				GCC_WARN_ABOUT_RETURN_TYPE = YES_ERROR;
				GCC_WARN_UNDECLARED_SELECTOR = YES;
				GCC_WARN_UNINITIALIZED_AUTOS = YES_AGGRESSIVE;
				GCC_WARN_UNUSED_FUNCTION = YES;
				GCC_WARN_UNUSED_VARIABLE = YES;
				IPHONEOS_DEPLOYMENT_TARGET = 11.2;
				MTL_ENABLE_DEBUG_INFO = YES;
				ONLY_ACTIVE_ARCH = YES;
				SDKROOT = iphoneos;
				SWIFT_ACTIVE_COMPILATION_CONDITIONS = DEBUG;
				SWIFT_OPTIMIZATION_LEVEL = "-Onone";
			};
			name = Debug;
		};
		544CEB3620393119005A6E2D /* Release */ = {
			isa = XCBuildConfiguration;
			buildSettings = {
				ALWAYS_SEARCH_USER_PATHS = NO;
				CLANG_ANALYZER_NONNULL = YES;
				CLANG_ANALYZER_NUMBER_OBJECT_CONVERSION = YES_AGGRESSIVE;
				CLANG_CXX_LANGUAGE_STANDARD = "gnu++14";
				CLANG_CXX_LIBRARY = "libc++";
				CLANG_ENABLE_MODULES = YES;
				CLANG_ENABLE_OBJC_ARC = YES;
				CLANG_WARN_BLOCK_CAPTURE_AUTORELEASING = YES;
				CLANG_WARN_BOOL_CONVERSION = YES;
				CLANG_WARN_COMMA = YES;
				CLANG_WARN_CONSTANT_CONVERSION = YES;
				CLANG_WARN_DIRECT_OBJC_ISA_USAGE = YES_ERROR;
				CLANG_WARN_DOCUMENTATION_COMMENTS = YES;
				CLANG_WARN_EMPTY_BODY = YES;
				CLANG_WARN_ENUM_CONVERSION = YES;
				CLANG_WARN_INFINITE_RECURSION = YES;
				CLANG_WARN_INT_CONVERSION = YES;
				CLANG_WARN_NON_LITERAL_NULL_CONVERSION = YES;
				CLANG_WARN_OBJC_LITERAL_CONVERSION = YES;
				CLANG_WARN_OBJC_ROOT_CLASS = YES_ERROR;
				CLANG_WARN_RANGE_LOOP_ANALYSIS = YES;
				CLANG_WARN_STRICT_PROTOTYPES = YES;
				CLANG_WARN_SUSPICIOUS_MOVE = YES;
				CLANG_WARN_UNGUARDED_AVAILABILITY = YES_AGGRESSIVE;
				CLANG_WARN_UNREACHABLE_CODE = YES;
				CLANG_WARN__DUPLICATE_METHOD_MATCH = YES;
				CODE_SIGN_IDENTITY = "iPhone Developer";
				COPY_PHASE_STRIP = NO;
				DEBUG_INFORMATION_FORMAT = "dwarf-with-dsym";
				ENABLE_NS_ASSERTIONS = NO;
				ENABLE_STRICT_OBJC_MSGSEND = YES;
				GCC_C_LANGUAGE_STANDARD = gnu11;
				GCC_NO_COMMON_BLOCKS = YES;
				GCC_WARN_64_TO_32_BIT_CONVERSION = YES;
				GCC_WARN_ABOUT_RETURN_TYPE = YES_ERROR;
				GCC_WARN_UNDECLARED_SELECTOR = YES;
				GCC_WARN_UNINITIALIZED_AUTOS = YES_AGGRESSIVE;
				GCC_WARN_UNUSED_FUNCTION = YES;
				GCC_WARN_UNUSED_VARIABLE = YES;
				IPHONEOS_DEPLOYMENT_TARGET = 11.2;
				MTL_ENABLE_DEBUG_INFO = NO;
				SDKROOT = iphoneos;
				SWIFT_OPTIMIZATION_LEVEL = "-Owholemodule";
				VALIDATE_PRODUCT = YES;
			};
			name = Release;
		};
		544CEB3820393119005A6E2D /* Debug */ = {
			isa = XCBuildConfiguration;
			buildSettings = {
				ASSETCATALOG_COMPILER_APPICON_NAME = AppIcon;
				CODE_SIGN_STYLE = Automatic;
				DEVELOPMENT_TEAM = NA5X236897;
				INFOPLIST_FILE = FilmedInSF/Info.plist;
				LD_RUNPATH_SEARCH_PATHS = "$(inherited) @executable_path/Frameworks";
				PRODUCT_BUNDLE_IDENTIFIER = com.muluken.FilmedInSF;
				PRODUCT_NAME = "$(TARGET_NAME)";
				SWIFT_VERSION = 4.0;
				TARGETED_DEVICE_FAMILY = "1,2";
			};
			name = Debug;
		};
		544CEB3920393119005A6E2D /* Release */ = {
			isa = XCBuildConfiguration;
			buildSettings = {
				ASSETCATALOG_COMPILER_APPICON_NAME = AppIcon;
				CODE_SIGN_STYLE = Automatic;
				DEVELOPMENT_TEAM = NA5X236897;
				INFOPLIST_FILE = FilmedInSF/Info.plist;
				LD_RUNPATH_SEARCH_PATHS = "$(inherited) @executable_path/Frameworks";
				PRODUCT_BUNDLE_IDENTIFIER = com.muluken.FilmedInSF;
				PRODUCT_NAME = "$(TARGET_NAME)";
				SWIFT_VERSION = 4.0;
				TARGETED_DEVICE_FAMILY = "1,2";
			};
			name = Release;
		};
		544CEB3B20393119005A6E2D /* Debug */ = {
			isa = XCBuildConfiguration;
			buildSettings = {
				ALWAYS_EMBED_SWIFT_STANDARD_LIBRARIES = YES;
				BUNDLE_LOADER = "$(TEST_HOST)";
				CODE_SIGN_STYLE = Automatic;
				DEVELOPMENT_TEAM = NA5X236897;
				INFOPLIST_FILE = FilmedInSFTests/Info.plist;
				LD_RUNPATH_SEARCH_PATHS = "$(inherited) @executable_path/Frameworks @loader_path/Frameworks";
				PRODUCT_BUNDLE_IDENTIFIER = com.muluken.FilmedInSFTests;
				PRODUCT_NAME = "$(TARGET_NAME)";
				SWIFT_VERSION = 4.0;
				TARGETED_DEVICE_FAMILY = "1,2";
				TEST_HOST = "$(BUILT_PRODUCTS_DIR)/FilmedInSF.app/FilmedInSF";
			};
			name = Debug;
		};
		544CEB3C20393119005A6E2D /* Release */ = {
			isa = XCBuildConfiguration;
			buildSettings = {
				ALWAYS_EMBED_SWIFT_STANDARD_LIBRARIES = YES;
				BUNDLE_LOADER = "$(TEST_HOST)";
				CODE_SIGN_STYLE = Automatic;
				DEVELOPMENT_TEAM = NA5X236897;
				INFOPLIST_FILE = FilmedInSFTests/Info.plist;
				LD_RUNPATH_SEARCH_PATHS = "$(inherited) @executable_path/Frameworks @loader_path/Frameworks";
				PRODUCT_BUNDLE_IDENTIFIER = com.muluken.FilmedInSFTests;
				PRODUCT_NAME = "$(TARGET_NAME)";
				SWIFT_VERSION = 4.0;
				TARGETED_DEVICE_FAMILY = "1,2";
				TEST_HOST = "$(BUILT_PRODUCTS_DIR)/FilmedInSF.app/FilmedInSF";
			};
			name = Release;
		};
		544CEB3E20393119005A6E2D /* Debug */ = {
			isa = XCBuildConfiguration;
			buildSettings = {
				ALWAYS_EMBED_SWIFT_STANDARD_LIBRARIES = YES;
				CODE_SIGN_STYLE = Automatic;
				DEVELOPMENT_TEAM = NA5X236897;
				INFOPLIST_FILE = FilmedInSFUITests/Info.plist;
				LD_RUNPATH_SEARCH_PATHS = "$(inherited) @executable_path/Frameworks @loader_path/Frameworks";
				PRODUCT_BUNDLE_IDENTIFIER = com.muluken.FilmedInSFUITests;
				PRODUCT_NAME = "$(TARGET_NAME)";
				SWIFT_VERSION = 4.0;
				TARGETED_DEVICE_FAMILY = "1,2";
				TEST_TARGET_NAME = FilmedInSF;
			};
			name = Debug;
		};
		544CEB3F20393119005A6E2D /* Release */ = {
			isa = XCBuildConfiguration;
			buildSettings = {
				ALWAYS_EMBED_SWIFT_STANDARD_LIBRARIES = YES;
				CODE_SIGN_STYLE = Automatic;
				DEVELOPMENT_TEAM = NA5X236897;
				INFOPLIST_FILE = FilmedInSFUITests/Info.plist;
				LD_RUNPATH_SEARCH_PATHS = "$(inherited) @executable_path/Frameworks @loader_path/Frameworks";
				PRODUCT_BUNDLE_IDENTIFIER = com.muluken.FilmedInSFUITests;
				PRODUCT_NAME = "$(TARGET_NAME)";
				SWIFT_VERSION = 4.0;
				TARGETED_DEVICE_FAMILY = "1,2";
				TEST_TARGET_NAME = FilmedInSF;
			};
			name = Release;
		};
/* End XCBuildConfiguration section */

/* Begin XCConfigurationList section */
		544CEB0720393118005A6E2D /* Build configuration list for PBXProject "FilmedInSF" */ = {
			isa = XCConfigurationList;
			buildConfigurations = (
				544CEB3520393119005A6E2D /* Debug */,
				544CEB3620393119005A6E2D /* Release */,
			);
			defaultConfigurationIsVisible = 0;
			defaultConfigurationName = Release;
		};
		544CEB3720393119005A6E2D /* Build configuration list for PBXNativeTarget "FilmedInSF" */ = {
			isa = XCConfigurationList;
			buildConfigurations = (
				544CEB3820393119005A6E2D /* Debug */,
				544CEB3920393119005A6E2D /* Release */,
			);
			defaultConfigurationIsVisible = 0;
			defaultConfigurationName = Release;
		};
		544CEB3A20393119005A6E2D /* Build configuration list for PBXNativeTarget "FilmedInSFTests" */ = {
			isa = XCConfigurationList;
			buildConfigurations = (
				544CEB3B20393119005A6E2D /* Debug */,
				544CEB3C20393119005A6E2D /* Release */,
			);
			defaultConfigurationIsVisible = 0;
			defaultConfigurationName = Release;
		};
		544CEB3D20393119005A6E2D /* Build configuration list for PBXNativeTarget "FilmedInSFUITests" */ = {
			isa = XCConfigurationList;
			buildConfigurations = (
				544CEB3E20393119005A6E2D /* Debug */,
				544CEB3F20393119005A6E2D /* Release */,
			);
			defaultConfigurationIsVisible = 0;
			defaultConfigurationName = Release;
		};
/* End XCConfigurationList section */

/* Begin XCVersionGroup section */
		544CEB1620393119005A6E2D /* FilmedInSF.xcdatamodeld */ = {
			isa = XCVersionGroup;
			children = (
				544CEB1720393119005A6E2D /* FilmedInSF.xcdatamodel */,
			);
			currentVersion = 544CEB1720393119005A6E2D /* FilmedInSF.xcdatamodel */;
			path = FilmedInSF.xcdatamodeld;
			sourceTree = "<group>";
			versionGroupType = wrapper.xcdatamodel;
		};
/* End XCVersionGroup section */
	};
	rootObject = 544CEB0420393118005A6E2D /* Project object */;
}
